
Microsoft Visual Studio Solution File, Format Version 12.00
# Visual Studio Version 17
VisualStudioVersion = 17.9.34728.123
MinimumVisualStudioVersion = 10.0.40219.1
Project("{2150E333-8FDC-42A3-9474-1A3956D46DE8}") = "Core", "Core", "{8268EBAB-3199-4ABF-B856-7D46E8E5FD41}"
EndProject
Project("{9A19103F-16F7-4668-BE54-9A1E7A4F7556}") = "Interactive-Map.Application", "Interactive-Map.Application\Interactive-Map.Application.csproj", "{5629FFBE-B26D-4754-8889-552AE62E924A}"
EndProject
Project("{9A19103F-16F7-4668-BE54-9A1E7A4F7556}") = "Interactive-Map.Domain", "Interactive-Map.Domain\Interactive-Map.Domain.csproj", "{C4EAED52-7210-4CFC-9C77-EAB7065CA78B}"
EndProject
Project("{2150E333-8FDC-42A3-9474-1A3956D46DE8}") = "Infrastructure", "Infrastructure", "{5B82B040-B5D8-4743-A257-2B0BACD904C3}"
EndProject
Project("{9A19103F-16F7-4668-BE54-9A1E7A4F7556}") = "Interactive-Map.Infrastructure", "Interactive-Map.Infrastructure\Interactive-Map.Infrastructure.csproj", "{2D8D888B-2E64-49A2-8F37-CE4C6BB91682}"
EndProject
Project("{2150E333-8FDC-42A3-9474-1A3956D46DE8}") = "Presentation", "Presentation", "{D2373B14-F4A3-4374-AAB4-B44A373087C4}"
EndProject
Project("{9A19103F-16F7-4668-BE54-9A1E7A4F7556}") = "Interactive-Map-WindowsApplication", "Interactive-Map-WindowsApplication\Interactive-Map-WindowsApplication.csproj", "{F16016B9-545E-4173-A47B-033A9B00747A}"
EndProject
Project("{9A19103F-16F7-4668-BE54-9A1E7A4F7556}") = "Interactive-Map-Navigation", "Interactive-Map-Navigation\Interactive-Map-Navigation.csproj", "{C5E049CE-915E-40F0-AB99-9E9A5BF8782E}"
EndProject
Project("{9A19103F-16F7-4668-BE54-9A1E7A4F7556}") = "TestProject1", "TestProject1\TestProject1.csproj", "{1D995F4A-C8AB-4279-B2DB-DFA6F0077B2A}"
EndProject
Project("{2150E333-8FDC-42A3-9474-1A3956D46DE8}") = "Common", "Common", "{E33F64EB-FEA0-4C73-99A2-FD0FA91B9A72}"
EndProject
Project("{9A19103F-16F7-4668-BE54-9A1E7A4F7556}") = "Interactive-Map.MapGenie", "Interactive-Map.MapGenie\Interactive-Map.MapGenie.csproj", "{621D551F-0E11-4968-B15C-ED030D3F6AF0}"
EndProject
Global
	GlobalSection(SolutionConfigurationPlatforms) = preSolution
		Debug|Any CPU = Debug|Any CPU
		Release|Any CPU = Release|Any CPU
	EndGlobalSection
	GlobalSection(ProjectConfigurationPlatforms) = postSolution
		{5629FFBE-B26D-4754-8889-552AE62E924A}.Debug|Any CPU.ActiveCfg = Debug|Any CPU
		{5629FFBE-B26D-4754-8889-552AE62E924A}.Debug|Any CPU.Build.0 = Debug|Any CPU
		{5629FFBE-B26D-4754-8889-552AE62E924A}.Release|Any CPU.ActiveCfg = Release|Any CPU
		{5629FFBE-B26D-4754-8889-552AE62E924A}.Release|Any CPU.Build.0 = Release|Any CPU
		{C4EAED52-7210-4CFC-9C77-EAB7065CA78B}.Debug|Any CPU.ActiveCfg = Debug|Any CPU
		{C4EAED52-7210-4CFC-9C77-EAB7065CA78B}.Debug|Any CPU.Build.0 = Debug|Any CPU
		{C4EAED52-7210-4CFC-9C77-EAB7065CA78B}.Release|Any CPU.ActiveCfg = Release|Any CPU
		{C4EAED52-7210-4CFC-9C77-EAB7065CA78B}.Release|Any CPU.Build.0 = Release|Any CPU
		{2D8D888B-2E64-49A2-8F37-CE4C6BB91682}.Debug|Any CPU.ActiveCfg = Debug|Any CPU
		{2D8D888B-2E64-49A2-8F37-CE4C6BB91682}.Debug|Any CPU.Build.0 = Debug|Any CPU
		{2D8D888B-2E64-49A2-8F37-CE4C6BB91682}.Release|Any CPU.ActiveCfg = Release|Any CPU
		{2D8D888B-2E64-49A2-8F37-CE4C6BB91682}.Release|Any CPU.Build.0 = Release|Any CPU
		{F16016B9-545E-4173-A47B-033A9B00747A}.Debug|Any CPU.ActiveCfg = Debug|Any CPU
		{F16016B9-545E-4173-A47B-033A9B00747A}.Debug|Any CPU.Build.0 = Debug|Any CPU
		{F16016B9-545E-4173-A47B-033A9B00747A}.Release|Any CPU.ActiveCfg = Release|Any CPU
		{F16016B9-545E-4173-A47B-033A9B00747A}.Release|Any CPU.Build.0 = Release|Any CPU
		{C5E049CE-915E-40F0-AB99-9E9A5BF8782E}.Debug|Any CPU.ActiveCfg = Debug|Any CPU
		{C5E049CE-915E-40F0-AB99-9E9A5BF8782E}.Debug|Any CPU.Build.0 = Debug|Any CPU
		{C5E049CE-915E-40F0-AB99-9E9A5BF8782E}.Release|Any CPU.ActiveCfg = Release|Any CPU
		{C5E049CE-915E-40F0-AB99-9E9A5BF8782E}.Release|Any CPU.Build.0 = Release|Any CPU
		{1D995F4A-C8AB-4279-B2DB-DFA6F0077B2A}.Debug|Any CPU.ActiveCfg = Debug|Any CPU
		{1D995F4A-C8AB-4279-B2DB-DFA6F0077B2A}.Debug|Any CPU.Build.0 = Debug|Any CPU
		{1D995F4A-C8AB-4279-B2DB-DFA6F0077B2A}.Release|Any CPU.ActiveCfg = Release|Any CPU
		{1D995F4A-C8AB-4279-B2DB-DFA6F0077B2A}.Release|Any CPU.Build.0 = Release|Any CPU
		{621D551F-0E11-4968-B15C-ED030D3F6AF0}.Debug|Any CPU.ActiveCfg = Debug|Any CPU
		{621D551F-0E11-4968-B15C-ED030D3F6AF0}.Debug|Any CPU.Build.0 = Debug|Any CPU
		{621D551F-0E11-4968-B15C-ED030D3F6AF0}.Release|Any CPU.ActiveCfg = Release|Any CPU
		{621D551F-0E11-4968-B15C-ED030D3F6AF0}.Release|Any CPU.Build.0 = Release|Any CPU
	EndGlobalSection
	GlobalSection(SolutionProperties) = preSolution
		HideSolutionNode = FALSE
	EndGlobalSection
	GlobalSection(NestedProjects) = preSolution
		{5629FFBE-B26D-4754-8889-552AE62E924A} = {8268EBAB-3199-4ABF-B856-7D46E8E5FD41}
		{C4EAED52-7210-4CFC-9C77-EAB7065CA78B} = {8268EBAB-3199-4ABF-B856-7D46E8E5FD41}
		{2D8D888B-2E64-49A2-8F37-CE4C6BB91682} = {5B82B040-B5D8-4743-A257-2B0BACD904C3}
		{F16016B9-545E-4173-A47B-033A9B00747A} = {D2373B14-F4A3-4374-AAB4-B44A373087C4}
		{C5E049CE-915E-40F0-AB99-9E9A5BF8782E} = {D2373B14-F4A3-4374-AAB4-B44A373087C4}
		{1D995F4A-C8AB-4279-B2DB-DFA6F0077B2A} = {D2373B14-F4A3-4374-AAB4-B44A373087C4}
		{621D551F-0E11-4968-B15C-ED030D3F6AF0} = {E33F64EB-FEA0-4C73-99A2-FD0FA91B9A72}
	EndGlobalSection
	GlobalSection(ExtensibilityGlobals) = postSolution
		SolutionGuid = {9696E500-A2F4-41F3-A705-6B088F6339DD}
	EndGlobalSection
EndGlobal
